
Microsoft Visual Studio Solution File, Format Version 12.00
# Visual Studio Version 16
VisualStudioVersion = 16.0.30413.136
MinimumVisualStudioVersion = 10.0.40219.1
Project("{9A19103F-16F7-4668-BE54-9A1E7A4F7556}") = "asp_net_core_crud", "asp-net-core-crud\asp_net_core_crud.csproj", "{E4540F97-3CC8-4C44-B97A-58D33ABA6F6A}"
EndProject
Global
	GlobalSection(SolutionConfigurationPlatforms) = preSolution
		Debug|Any CPU = Debug|Any CPU
		Release|Any CPU = Release|Any CPU
	EndGlobalSection
	GlobalSection(ProjectConfigurationPlatforms) = postSolution
		{E4540F97-3CC8-4C44-B97A-58D33ABA6F6A}.Debug|Any CPU.ActiveCfg = Debug|Any CPU
		{E4540F97-3CC8-4C44-B97A-58D33ABA6F6A}.Debug|Any CPU.Build.0 = Debug|Any CPU
		{E4540F97-3CC8-4C44-B97A-58D33ABA6F6A}.Release|Any CPU.ActiveCfg = Release|Any CPU
		{E4540F97-3CC8-4C44-B97A-58D33ABA6F6A}.Release|Any CPU.Build.0 = Release|Any CPU
	EndGlobalSection
	GlobalSection(SolutionProperties) = preSolution
		HideSolutionNode = FALSE
	EndGlobalSection
	GlobalSection(ExtensibilityGlobals) = postSolution
		SolutionGuid = {9A423CDF-3657-450B-83A1-68D6BE4D2208}
	EndGlobalSection
EndGlobal
